
Microsoft Visual Studio Solution File, Format Version 12.00
# Visual Studio Version 17
VisualStudioVersion = 17.14.36616.10 d17.14
MinimumVisualStudioVersion = 10.0.40219.1
Project("{FAE04EC0-301F-11D3-BF4B-00C04F79EFBC}") = "Server", "A02-TCPIP\Server.csproj", "{68B08631-D2DC-49CC-AF79-F566AD143077}"
EndProject
Project("{FAE04EC0-301F-11D3-BF4B-00C04F79EFBC}") = "Client", "Client\Client.csproj", "{612A98CF-EB40-4473-A8C1-584E2E4BB1C3}"
EndProject
Global
	GlobalSection(SolutionConfigurationPlatforms) = preSolution
		Debug|Any CPU = Debug|Any CPU
		Release|Any CPU = Release|Any CPU
	EndGlobalSection
	GlobalSection(ProjectConfigurationPlatforms) = postSolution
		{68B08631-D2DC-49CC-AF79-F566AD143077}.Debug|Any CPU.ActiveCfg = Debug|Any CPU
		{68B08631-D2DC-49CC-AF79-F566AD143077}.Debug|Any CPU.Build.0 = Debug|Any CPU
		{68B08631-D2DC-49CC-AF79-F566AD143077}.Release|Any CPU.ActiveCfg = Release|Any CPU
		{68B08631-D2DC-49CC-AF79-F566AD143077}.Release|Any CPU.Build.0 = Release|Any CPU
		{612A98CF-EB40-4473-A8C1-584E2E4BB1C3}.Debug|Any CPU.ActiveCfg = Debug|Any CPU
		{612A98CF-EB40-4473-A8C1-584E2E4BB1C3}.Debug|Any CPU.Build.0 = Debug|Any CPU
		{612A98CF-EB40-4473-A8C1-584E2E4BB1C3}.Release|Any CPU.ActiveCfg = Release|Any CPU
		{612A98CF-EB40-4473-A8C1-584E2E4BB1C3}.Release|Any CPU.Build.0 = Release|Any CPU
	EndGlobalSection
	GlobalSection(SolutionProperties) = preSolution
		HideSolutionNode = FALSE
	EndGlobalSection
	GlobalSection(ExtensibilityGlobals) = postSolution
		SolutionGuid = {0B4A6444-22D2-4345-96C2-548B4F438D72}
	EndGlobalSection
EndGlobal
